lockfileVersion: 5.3

specifiers:
  '@types/node': ^16.9.6
  '@types/prettier': ^2.3.2
  '@types/reserved-words': ^0.1.0
  esbuild: ^0.12.28
  esbuild-register: ^3.0.0
  prettier: ^2.4.1
  reserved-words: ^0.1.2
  trim-newlines: ^4.0.2
  typescript: ^4.4.3

devDependencies:
  '@types/node': 16.9.6
  '@types/prettier': 2.3.2
  '@types/reserved-words': 0.1.0
  esbuild: 0.12.28
  esbuild-register: 3.0.0_esbuild@0.12.28
  prettier: 2.4.1
  reserved-words: 0.1.2
  trim-newlines: 4.0.2
  typescript: 4.4.3

packages:

  /@types/node/16.9.6:
    resolution: {integrity: sha512-YHUZhBOMTM3mjFkXVcK+WwAcYmyhe1wL4lfqNtzI0b3qAy7yuSetnM7QJazgE5PFmgVTNGiLOgRFfJMqW7XpSQ==}
    dev: true

  /@types/prettier/2.3.2:
    resolution: {integrity: sha512-eI5Yrz3Qv4KPUa/nSIAi0h+qX0XyewOliug5F2QAtuRg6Kjg6jfmxe1GIwoIRhZspD1A0RP8ANrPwvEXXtRFog==}
    dev: true

  /@types/reserved-words/0.1.0:
    resolution: {integrity: sha512-ls6lSkkhEFm8XSVQjHj47pJoCL9sVK91mwIONw0Iwjqkmy98ForMFYa5+/vb6sytTaK0HSwkzKKYzREPTUhhhg==}
    dev: true

  /esbuild-register/3.0.0_esbuild@0.12.28:
    resolution: {integrity: sha512-No7U3ZUd6gPrrC6gqdb3XFcf2lNqzn8nvQXcgcyOl8szMVuN6YUvOplnmakxWyogI9d8SiJMl0uzBzJck+Aoxw==}
    peerDependencies:
      esbuild: '>=0.12 <1'
    dependencies:
      esbuild: 0.12.28
      jsonc-parser: 3.0.0
    dev: true

  /esbuild/0.12.28:
    resolution: {integrity: sha512-pZ0FrWZXlvQOATlp14lRSk1N9GkeJ3vLIwOcUoo3ICQn9WNR4rWoNi81pbn6sC1iYUy7QPqNzI3+AEzokwyVcA==}
    hasBin: true
    requiresBuild: true
    dev: true

  /jsonc-parser/3.0.0:
    resolution: {integrity: sha512-fQzRfAbIBnR0IQvftw9FJveWiHp72Fg20giDrHz6TdfB12UH/uue0D3hm57UB5KgAVuniLMCaS8P1IMj9NR7cA==}
    dev: true

  /prettier/2.4.1:
    resolution: {integrity: sha512-9fbDAXSBcc6Bs1mZrDYb3XKzDLm4EXXL9sC1LqKP5rZkT6KRr/rf9amVUcODVXgguK/isJz0d0hP72WeaKWsvA==}
    engines: {node: '>=10.13.0'}
    hasBin: true
    dev: true

  /reserved-words/0.1.2:
    resolution: {integrity: sha1-AKCUD5jNUBrqqsMWQR2a3FKzGrE=}
    dev: true

  /trim-newlines/4.0.2:
    resolution: {integrity: sha512-GJtWyq9InR/2HRiLZgpIKv+ufIKrVrvjQWEj7PxAXNc5dwbNJkqhAUoAGgzRmULAnoOM5EIpveYd3J2VeSAIew==}
    engines: {node: '>=12'}
    dev: true

  /typescript/4.4.3:
    resolution: {integrity: sha512-4xfscpisVgqqDfPaJo5vkd+Qd/ItkoagnHpufr+i2QCHBsNYp+G7UAoyFl8aPtx879u38wPV65rZ8qbGZijalA==}
    engines: {node: '>=4.2.0'}
    hasBin: true
    dev: true
